{
  "name": "band-of-ideas",
  "version": "1.0.0",
  "lockfileVersion": 1,
  "requires": true,
  "dependencies": {
    "@babel/runtime": {
      "version": "7.8.4",
      "resolved": "https://registry.npmjs.org/@babel/runtime/-/runtime-7.8.4.tgz",
      "integrity": "sha512-neAp3zt80trRVBI1x0azq6c57aNBqYZH8KhMm3TaB7wEI5Q4A2SHfBHE8w9gOhI/lrqxtEbXZgQIrHP+wvSGwQ==",
      "requires": {
        "regenerator-runtime": "^0.13.2"
      }
    },
    "automation-events": {
      "version": "2.0.0",
      "resolved": "https://registry.npmjs.org/automation-events/-/automation-events-2.0.0.tgz",
      "integrity": "sha512-IHWvseiwDk/6Ho66J/9SwFJUreOiE2OIEIvVzTB+o7b1ejvlLFl0attEnThdFqb89cePcYbS5HvJ6B2Ku+q5Tw==",
      "requires": {
        "@babel/runtime": "^7.8.4",
        "tslib": "^1.10.0"
      }
    },
    "fast-unique-numbers": {
      "version": "5.0.1",
      "resolved": "https://registry.npmjs.org/fast-unique-numbers/-/fast-unique-numbers-5.0.1.tgz",
      "integrity": "sha512-S/y9idIKTfKLn+l/IoP3tqnTKi3TlXt9P5+KuZ3WcyoDudhgRbQWiJJqAYlZaIwvCE2VAzo939CHLPbsiNCNUQ==",
      "requires": {
        "@babel/runtime": "^7.8.4",
        "tslib": "^1.11.0"
      }
    },
    "regenerator-runtime": {
      "version": "0.13.3",
      "resolved": "https://registry.npmjs.org/regenerator-runtime/-/regenerator-runtime-0.13.3.tgz",
      "integrity": "sha512-naKIZz2GQ8JWh///G7L3X6LaQUAMp2lvb1rvwwsURe/VXwD6VMfr+/1NuNw3ag8v2kY1aQ/go5SNn79O9JU7yw=="
    },
    "standardized-audio-context": {
      "version": "24.0.1",
      "resolved": "https://registry.npmjs.org/standardized-audio-context/-/standardized-audio-context-24.0.1.tgz",
      "integrity": "sha512-Ef4AsoiZSX/e4fobKaV/AwkpRj07xbYHbUgbu7akKtWPaEfGzB8OVe5HiZDFc4GpaWHXwr7r0kODxHVx3BaD1A==",
      "requires": {
        "@babel/runtime": "^7.8.4",
        "automation-events": "^2.0.0",
        "tslib": "^1.10.0"
      }
    },
    "tslib": {
      "version": "1.11.0",
      "resolved": "https://registry.npmjs.org/tslib/-/tslib-1.11.0.tgz",
      "integrity": "sha512-BmndXUtiTn/VDDrJzQE7Mm22Ix3PxgLltW9bSNLoeCY31gnG2OPx0QqJnuc9oMIKioYrz487i6K9o4Pdn0j+Kg=="
    },
    "web-audio-beat-detector": {
      "version": "8.0.1",
      "resolved": "https://registry.npmjs.org/web-audio-beat-detector/-/web-audio-beat-detector-8.0.1.tgz",
      "integrity": "sha512-8347aqbnlF48hqu3mSqzJANknsnfv6acDUs6dFwbEQ7lcju/fEHa/4tiTikJ7pw+iGXWyZ9R/iKypsqTDxuw3A==",
      "requires": {
        "@babel/runtime": "^7.8.4",
        "tslib": "^1.10.0",
        "web-audio-beat-detector-broker": "^4.0.1",
        "web-audio-beat-detector-worker": "^5.0.0"
      }
    },
    "web-audio-beat-detector-broker": {
      "version": "4.0.1",
      "resolved": "https://registry.npmjs.org/web-audio-beat-detector-broker/-/web-audio-beat-detector-broker-4.0.1.tgz",
      "integrity": "sha512-dtS+tdlPwNaLA0qeeaAku5zco2HVo0sln9/S74HgvntqFK8rmgS8p/bGBpgws20tW5NrlN2yJPNuM6IKlpJc2g==",
      "requires": {
        "@babel/runtime": "^7.8.4",
        "fast-unique-numbers": "^5.0.0",
        "standardized-audio-context": "^24.0.1",
        "tslib": "^1.10.0",
        "web-audio-beat-detector-worker": "^5.0.0"
      }
    },
    "web-audio-beat-detector-worker": {
      "version": "5.0.0",
      "resolved": "https://registry.npmjs.org/web-audio-beat-detector-worker/-/web-audio-beat-detector-worker-5.0.0.tgz",
      "integrity": "sha512-4P7O5KNYu4Uvk+mml+KfPY9SV1kyJcWoA27FcPtVFqFWxevVRC9xI3TcfT1yuFhUQ++Fst8WpCqookizlj9loQ==",
      "requires": {
        "@babel/runtime": "^7.8.4",
        "tslib": "^1.10.0"
      }
    }
  }
}
